
Microsoft Visual Studio Solution File, Format Version 12.00
# Visual Studio 15
VisualStudioVersion = 15.0.27130.2036
MinimumVisualStudioVersion = 10.0.40219.1
Project("{FAE04EC0-301F-11D3-BF4B-00C04F79EFBC}") = "ChessGame", "ChessGame\ChessGame.csproj", "{4CFB1DB0-8A25-4FF5-A250-88907DB5A187}"
EndProject
Global
	GlobalSection(SolutionConfigurationPlatforms) = preSolution
		Debug|Any CPU = Debug|Any CPU
		Release|Any CPU = Release|Any CPU
	EndGlobalSection
	GlobalSection(ProjectConfigurationPlatforms) = postSolution
		{4CFB1DB0-8A25-4FF5-A250-88907DB5A187}.Debug|Any CPU.ActiveCfg = Debug|Any CPU
		{4CFB1DB0-8A25-4FF5-A250-88907DB5A187}.Debug|Any CPU.Build.0 = Debug|Any CPU
		{4CFB1DB0-8A25-4FF5-A250-88907DB5A187}.Release|Any CPU.ActiveCfg = Release|Any CPU
		{4CFB1DB0-8A25-4FF5-A250-88907DB5A187}.Release|Any CPU.Build.0 = Release|Any CPU
	EndGlobalSection
	GlobalSection(SolutionProperties) = preSolution
		HideSolutionNode = FALSE
	EndGlobalSection
	GlobalSection(ExtensibilityGlobals) = postSolution
		SolutionGuid = {2EE293E2-5A72-4F5A-8CBC-9E6DBC687627}
	EndGlobalSection
EndGlobal
